
Microsoft Visual Studio Solution File, Format Version 12.00
# Visual Studio Version 16
VisualStudioVersion = 16.0.30717.126
MinimumVisualStudioVersion = 10.0.40219.1
Project("{8BC9CEB8-8B4A-11D0-8D11-00A0C91BC942}") = "Project1", "Project1\Project1.vcxproj", "{805CA3CB-E3E8-49A4-8926-19FA54264B09}"
EndProject
Global
	GlobalSection(SolutionConfigurationPlatforms) = preSolution
		Debug|x64 = Debug|x64
		Debug|x86 = Debug|x86
		Release|x64 = Release|x64
		Release|x86 = Release|x86
	EndGlobalSection
	GlobalSection(ProjectConfigurationPlatforms) = postSolution
		{805CA3CB-E3E8-49A4-8926-19FA54264B09}.Debug|x64.ActiveCfg = Debug|x64
		{805CA3CB-E3E8-49A4-8926-19FA54264B09}.Debug|x64.Build.0 = Debug|x64
		{805CA3CB-E3E8-49A4-8926-19FA54264B09}.Debug|x86.ActiveCfg = Debug|Win32
		{805CA3CB-E3E8-49A4-8926-19FA54264B09}.Debug|x86.Build.0 = Debug|Win32
		{805CA3CB-E3E8-49A4-8926-19FA54264B09}.Release|x64.ActiveCfg = Release|x64
		{805CA3CB-E3E8-49A4-8926-19FA54264B09}.Release|x64.Build.0 = Release|x64
		{805CA3CB-E3E8-49A4-8926-19FA54264B09}.Release|x86.ActiveCfg = Release|Win32
		{805CA3CB-E3E8-49A4-8926-19FA54264B09}.Release|x86.Build.0 = Release|Win32
	EndGlobalSection
	GlobalSection(SolutionProperties) = preSolution
		HideSolutionNode = FALSE
	EndGlobalSection
	GlobalSection(ExtensibilityGlobals) = postSolution
		SolutionGuid = {EBCF6DC5-1FD8-4D08-BB06-01224933EAAD}
	EndGlobalSection
EndGlobal
